
Microsoft Visual Studio Solution File, Format Version 12.00
# Visual Studio Version 17
VisualStudioVersion = 17.5.33502.453
MinimumVisualStudioVersion = 10.0.40219.1
Project("{00D1A9C2-B5F0-4AF3-8072-F6C62B433612}") = "Demo_ADO_DB", "CoursDBD_Demo\Demo_ADO_DB.sqlproj", "{F6E99697-C175-4689-A0E4-6456F72A1E01}"
EndProject
Project("{FAE04EC0-301F-11D3-BF4B-00C04F79EFBC}") = "Demo_ADO.App", "Demo_ADO.App\Demo_ADO.App.csproj", "{05DF5F56-08F5-444C-A51B-2D046F99CD11}"
EndProject
Global
	GlobalSection(SolutionConfigurationPlatforms) = preSolution
		Debug|Any CPU = Debug|Any CPU
		Release|Any CPU = Release|Any CPU
	EndGlobalSection
	GlobalSection(ProjectConfigurationPlatforms) = postSolution
		{F6E99697-C175-4689-A0E4-6456F72A1E01}.Debug|Any CPU.ActiveCfg = Debug|Any CPU
		{F6E99697-C175-4689-A0E4-6456F72A1E01}.Debug|Any CPU.Build.0 = Debug|Any CPU
		{F6E99697-C175-4689-A0E4-6456F72A1E01}.Debug|Any CPU.Deploy.0 = Debug|Any CPU
		{F6E99697-C175-4689-A0E4-6456F72A1E01}.Release|Any CPU.ActiveCfg = Release|Any CPU
		{F6E99697-C175-4689-A0E4-6456F72A1E01}.Release|Any CPU.Build.0 = Release|Any CPU
		{F6E99697-C175-4689-A0E4-6456F72A1E01}.Release|Any CPU.Deploy.0 = Release|Any CPU
		{05DF5F56-08F5-444C-A51B-2D046F99CD11}.Debug|Any CPU.ActiveCfg = Debug|Any CPU
		{05DF5F56-08F5-444C-A51B-2D046F99CD11}.Debug|Any CPU.Build.0 = Debug|Any CPU
		{05DF5F56-08F5-444C-A51B-2D046F99CD11}.Release|Any CPU.ActiveCfg = Release|Any CPU
		{05DF5F56-08F5-444C-A51B-2D046F99CD11}.Release|Any CPU.Build.0 = Release|Any CPU
	EndGlobalSection
	GlobalSection(SolutionProperties) = preSolution
		HideSolutionNode = FALSE
	EndGlobalSection
	GlobalSection(ExtensibilityGlobals) = postSolution
		SolutionGuid = {67697B2F-67E3-4991-807C-43F925085BF0}
	EndGlobalSection
EndGlobal
